
Microsoft Visual Studio Solution File, Format Version 12.00
# Visual Studio 2012
Project("{FAE04EC0-301F-11D3-BF4B-00C04F79EFBC}") = "reCAPTCHA.Web.Demo", "reCAPTCHA.Web.Demo\reCAPTCHA.Web.Demo.csproj", "{CA1D82B3-08F5-4839-9372-A00BFBAC1A3D}"
EndProject
Project("{2150E333-8FDC-42A3-9474-1A3956D46DE8}") = ".nuget", ".nuget", "{521F764D-96CB-41AA-9948-A5D7F03A3951}"
	ProjectSection(SolutionItems) = preProject
		.nuget\NuGet.Config = .nuget\NuGet.Config
		.nuget\NuGet.exe = .nuget\NuGet.exe
		.nuget\NuGet.targets = .nuget\NuGet.targets
	EndProjectSection
EndProject
Global
	GlobalSection(SolutionConfigurationPlatforms) = preSolution
		Debug|Any CPU = Debug|Any CPU
		Debug-Net45|Any CPU = Debug-Net45|Any CPU
		Release|Any CPU = Release|Any CPU
		Release-Net45|Any CPU = Release-Net45|Any CPU
	EndGlobalSection
	GlobalSection(ProjectConfigurationPlatforms) = postSolution
		{CA1D82B3-08F5-4839-9372-A00BFBAC1A3D}.Debug|Any CPU.ActiveCfg = Debug|Any CPU
		{CA1D82B3-08F5-4839-9372-A00BFBAC1A3D}.Debug|Any CPU.Build.0 = Debug|Any CPU
		{CA1D82B3-08F5-4839-9372-A00BFBAC1A3D}.Debug-Net45|Any CPU.ActiveCfg = Debug-Net45|Any CPU
		{CA1D82B3-08F5-4839-9372-A00BFBAC1A3D}.Debug-Net45|Any CPU.Build.0 = Debug-Net45|Any CPU
		{CA1D82B3-08F5-4839-9372-A00BFBAC1A3D}.Release|Any CPU.ActiveCfg = Release|Any CPU
		{CA1D82B3-08F5-4839-9372-A00BFBAC1A3D}.Release|Any CPU.Build.0 = Release|Any CPU
		{CA1D82B3-08F5-4839-9372-A00BFBAC1A3D}.Release-Net45|Any CPU.ActiveCfg = Release-Net45|Any CPU
		{CA1D82B3-08F5-4839-9372-A00BFBAC1A3D}.Release-Net45|Any CPU.Build.0 = Release-Net45|Any CPU
	EndGlobalSection
	GlobalSection(SolutionProperties) = preSolution
		HideSolutionNode = FALSE
	EndGlobalSection
EndGlobal
